# This is a Gradle generated file for dependency locking.
# Manual edits can break the build and are not advised.
# This file is expected to be part of source control.
com.diffplug.durian:durian-collect:1.2.0=precompiledScriptPluginAccessorsGenerationClasspath,runtimeClasspath,testRuntimeClasspath
com.diffplug.durian:durian-core:1.2.0=precompiledScriptPluginAccessorsGenerationClasspath,runtimeClasspath,testRuntimeClasspath
com.diffplug.durian:durian-io:1.2.0=precompiledScriptPluginAccessorsGenerationClasspath,runtimeClasspath,testRuntimeClasspath
com.diffplug.durian:durian-swt.os:4.3.0=precompiledScriptPluginAccessorsGenerationClasspath,runtimeClasspath,testRuntimeClasspath
com.diffplug.spotless:com.diffplug.spotless.gradle.plugin:8.10.3=compileClasspath,implementationDependenciesMetadata,precompiledScriptPluginAccessorsGenerationClasspath,runtimeClasspath,testCompileClasspath,testImplementationDependenciesMetadata,testRuntimeClasspath
com.diffplug.spotless:spotless-lib-extra:4.10.3=compileClasspath,implementationDependenciesMetadata,precompiledScriptPluginAccessorsGenerationClasspath,runtimeClasspath,testCompileClasspath,testImplementationDependenciesMetadata,testRuntimeClasspath
com.diffplug.spotless:spotless-lib:4.10.3=compileClasspath,implementationDependenciesMetadata,precompiledScriptPluginAccessorsGenerationClasspath,runtimeClasspath,testCompileClasspath,testImplementationDependenciesMetadata,testRuntimeClasspath
com.diffplug.spotless:spotless-plugin-gradle:8.10.3=compileClasspath,implementationDependenciesMetadata,precompiledScriptPluginAccessorsGenerationClasspath,runtimeClasspath,testCompileClasspath,testImplementationDependenciesMetadata,testRuntimeClasspath
com.fasterxml.jackson.core:jackson-annotations:2.22=precompiledScriptPluginAccessorsGenerationClasspath,runtimeClasspath,testRuntimeClasspath
com.fasterxml.jackson.core:jackson-core:2.22.1=precompiledScriptPluginAccessorsGenerationClasspath,runtimeClasspath,testRuntimeClasspath
com.fasterxml.jackson.core:jackson-databind:2.22.1=precompiledScriptPluginAccessorsGenerationClasspath,runtimeClasspath,testRuntimeClasspath
com.fasterxml.jackson.dataformat:jackson-dataformat-yaml:2.22.1=precompiledScriptPluginAccessorsGenerationClasspath,runtimeClasspath,testRuntimeClasspath
com.fasterxml.jackson.datatype:jackson-datatype-guava:2.22.1=precompiledScriptPluginAccessorsGenerationClasspath,runtimeClasspath,testRuntimeClasspath
com.fasterxml.jackson.datatype:jackson-datatype-joda:2.22.1=precompiledScriptPluginAccessorsGenerationClasspath,runtimeClasspath,testRuntimeClasspath
com.fasterxml.jackson.datatype:jackson-datatype-jsr310:2.22.1=precompiledScriptPluginAccessorsGenerationClasspath,runtimeClasspath,testRuntimeClasspath
com.fasterxml.jackson:jackson-bom:2.22.1=precompiledScriptPluginAccessorsGenerationClasspath,runtimeClasspath,testRuntimeClasspath
com.fasterxml.woodstox:woodstox-core:7.1.1=precompiledScriptPluginAccessorsGenerationClasspath,runtimeClasspath,testRuntimeClasspath
com.github.ben-manes.caffeine:caffeine:3.2.3=precompiledScriptPluginAccessorsGenerationClasspath,runtimeClasspath,testRuntimeClasspath
com.github.curious-odd-man:rgxgen:1.4=precompiledScriptPluginAccessorsGenerationClasspath,runtimeClasspath,testRuntimeClasspath
com.github.java-json-tools:btf:1.3=precompiledScriptPluginAccessorsGenerationClasspath,runtimeClasspath,testRuntimeClasspath
com.github.java-json-tools:jackson-coreutils-equivalence:1.0=precompiledScriptPluginAccessorsGenerationClasspath,runtimeClasspath,testRuntimeClasspath
com.github.java-json-tools:jackson-coreutils:2.0=precompiledScriptPluginAccessorsGenerationClasspath,runtimeClasspath,testRuntimeClasspath
com.github.java-json-tools:json-patch:1.13=precompiledScriptPluginAccessorsGenerationClasspath,runtimeClasspath,testRuntimeClasspath
com.github.java-json-tools:json-schema-core:1.2.14=precompiledScriptPluginAccessorsGenerationClasspath,runtimeClasspath,testRuntimeClasspath
com.github.java-json-tools:json-schema-validator:2.2.14=precompiledScriptPluginAccessorsGenerationClasspath,runtimeClasspath,testRuntimeClasspath
com.github.java-json-tools:msg-simple:1.2=precompiledScriptPluginAccessorsGenerationClasspath,runtimeClasspath,testRuntimeClasspath
com.github.java-json-tools:uri-template:0.10=precompiledScriptPluginAccessorsGenerationClasspath,runtimeClasspath,testRuntimeClasspath
com.github.jknack:handlebars-jackson2:4.3.1=precompiledScriptPluginAccessorsGenerationClasspath,runtimeClasspath,testRuntimeClasspath
com.github.jknack:handlebars:4.3.1=precompiledScriptPluginAccessorsGenerationClasspath,runtimeClasspath,testRuntimeClasspath
com.github.joschi.jackson:jackson-datatype-threetenbp:2.18.2=precompiledScriptPluginAccessorsGenerationClasspath,runtimeClasspath,testRuntimeClasspath
com.github.mifmif:generex:1.0.2=precompiledScriptPluginAccessorsGenerationClasspath,runtimeClasspath,testRuntimeClasspath
com.github.mwiede:jsch:0.2.24=precompiledScriptPluginAccessorsGenerationClasspath,runtimeClasspath,testRuntimeClasspath
com.github.node-gradle.node:com.github.node-gradle.node.gradle.plugin:7.1.0=compileClasspath,implementationDependenciesMetadata,precompiledScriptPluginAccessorsGenerationClasspath,runtimeClasspath,testCompileClasspath,testImplementationDependenciesMetadata,testRuntimeClasspath
com.github.node-gradle:gradle-node-plugin:7.1.0=compileClasspath,implementationDependenciesMetadata,precompiledScriptPluginAccessorsGenerationClasspath,runtimeClasspath,testCompileClasspath,testImplementationDependenciesMetadata,testRuntimeClasspath
com.github.zafarkhaja:java-semver:0.10.2=compileClasspath,implementationDependenciesMetadata,precompiledScriptPluginAccessorsGenerationClasspath,runtimeClasspath,testCompileClasspath,testImplementationDependenciesMetadata,testRuntimeClasspath
com.google.code.findbugs:jsr305:3.0.2=precompiledScriptPluginAccessorsGenerationClasspath,runtimeClasspath,testRuntimeClasspath
com.google.errorprone:error_prone_annotations:2.43.0=precompiledScriptPluginAccessorsGenerationClasspath,runtimeClasspath,testRuntimeClasspath
com.google.gradle:osdetector-gradle-plugin:1.7.3=precompiledScriptPluginAccessorsGenerationClasspath,runtimeClasspath,testRuntimeClasspath
com.google.guava:failureaccess:1.0.1=precompiledScriptPluginAccessorsGenerationClasspath,runtimeClasspath,testRuntimeClasspath
com.google.guava:guava:32.1.3-jre=precompiledScriptPluginAccessorsGenerationClasspath,runtimeClasspath,testRuntimeClasspath
com.google.guava:listenablefuture:9999.0-empty-to-avoid-conflict-with-guava=precompiledScriptPluginAccessorsGenerationClasspath,runtimeClasspath,testRuntimeClasspath
com.google.protobuf:com.google.protobuf.gradle.plugin:0.10.0=compileClasspath,implementationDependenciesMetadata,precompiledScriptPluginAccessorsGenerationClasspath,runtimeClasspath,testCompileClasspath,testImplementationDependenciesMetadata,testRuntimeClasspath
com.google.protobuf:protobuf-gradle-plugin:0.10.0=compileClasspath,implementationDependenciesMetadata,precompiledScriptPluginAccessorsGenerationClasspath,runtimeClasspath,testCompileClasspath,testImplementationDependenciesMetadata,testRuntimeClasspath
com.googlecode.concurrent-trees:concurrent-trees:2.6.1=precompiledScriptPluginAccessorsGenerationClasspath,runtimeClasspath,testRuntimeClasspath
com.googlecode.javaewah:JavaEWAH:1.2.3=compileClasspath,implementationDependenciesMetadata,precompiledScriptPluginAccessorsGenerationClasspath,runtimeClasspath,testCompileClasspath,testImplementationDependenciesMetadata,testRuntimeClasspath
com.googlecode.libphonenumber:libphonenumber:8.11.1=precompiledScriptPluginAccessorsGenerationClasspath,runtimeClasspath,testRuntimeClasspath
com.gradleup.shadow:com.gradleup.shadow.gradle.plugin:9.6.1=compileClasspath,implementationDependenciesMetadata,precompiledScriptPluginAccessorsGenerationClasspath,runtimeClasspath,testCompileClasspath,testImplementationDependenciesMetadata,testRuntimeClasspath
com.gradleup.shadow:shadow-gradle-plugin:9.6.1=compileClasspath,implementationDependenciesMetadata,precompiledScriptPluginAccessorsGenerationClasspath,runtimeClasspath,testCompileClasspath,testImplementationDependenciesMetadata,testRuntimeClasspath
com.jcraft:jzlib:1.1.3=precompiledScriptPluginAccessorsGenerationClasspath,runtimeClasspath,testRuntimeClasspath
com.kohlschutter.junixsocket:junixsocket-common:2.9.1=precompiledScriptPluginAccessorsGenerationClasspath,runtimeClasspath,testRuntimeClasspath
com.kohlschutter.junixsocket:junixsocket-core:2.9.1=precompiledScriptPluginAccessorsGenerationClasspath,runtimeClasspath,testRuntimeClasspath
com.kohlschutter.junixsocket:junixsocket-native-common:2.9.1=precompiledScriptPluginAccessorsGenerationClasspath,runtimeClasspath,testRuntimeClasspath
com.samskivert:jmustache:1.16=precompiledScriptPluginAccessorsGenerationClasspath,runtimeClasspath,testRuntimeClasspath
com.squareup.okhttp3:okhttp:4.12.0=precompiledScriptPluginAccessorsGenerationClasspath,runtimeClasspath,testRuntimeClasspath
com.squareup.okio:okio-jvm:3.6.0=precompiledScriptPluginAccessorsGenerationClasspath,runtimeClasspath,testRuntimeClasspath
com.squareup.okio:okio:3.6.0=precompiledScriptPluginAccessorsGenerationClasspath,runtimeClasspath,testRuntimeClasspath
commons-cli:commons-cli:1.10.0=precompiledScriptPluginAccessorsGenerationClasspath,runtimeClasspath,testRuntimeClasspath
commons-codec:commons-codec:1.22.1=compileClasspath,implementationDependenciesMetadata,precompiledScriptPluginAccessorsGenerationClasspath,runtimeClasspath,testCompileClasspath,testImplementationDependenciesMetadata,testRuntimeClasspath
commons-io:commons-io:2.22.0=precompiledScriptPluginAccessorsGenerationClasspath,runtimeClasspath,testRuntimeClasspath
commons-logging:commons-logging:1.3.5=precompiledScriptPluginAccessorsGenerationClasspath,runtimeClasspath,testRuntimeClasspath
dev.equo.ide:solstice:1.8.2=precompiledScriptPluginAccessorsGenerationClasspath,runtimeClasspath,testRuntimeClasspath
dk.brics.automaton:automaton:1.11-8=precompiledScriptPluginAccessorsGenerationClasspath,runtimeClasspath,testRuntimeClasspath
io.github.java-diff-utils:java-diff-utils:4.12=kotlinInternalAbiValidation
io.spring.dependency-management:io.spring.dependency-management.gradle.plugin:1.1.7=compileClasspath,implementationDependenciesMetadata,precompiledScriptPluginAccessorsGenerationClasspath,runtimeClasspath,testCompileClasspath,testImplementationDependenciesMetadata,testRuntimeClasspath
io.spring.gradle:dependency-management-plugin:1.1.7=compileClasspath,implementationDependenciesMetadata,precompiledScriptPluginAccessorsGenerationClasspath,runtimeClasspath,testCompileClasspath,testImplementationDependenciesMetadata,testRuntimeClasspath
io.swagger.core.v3:swagger-annotations:2.2.52=precompiledScriptPluginAccessorsGenerationClasspath,runtimeClasspath,testRuntimeClasspath
io.swagger.core.v3:swagger-core:2.2.52=precompiledScriptPluginAccessorsGenerationClasspath,runtimeClasspath,testRuntimeClasspath
io.swagger.core.v3:swagger-models:2.2.52=precompiledScriptPluginAccessorsGenerationClasspath,runtimeClasspath,testRuntimeClasspath
io.swagger.parser.v3:swagger-parser-core:2.1.46=precompiledScriptPluginAccessorsGenerationClasspath,runtimeClasspath,testRuntimeClasspath
io.swagger.parser.v3:swagger-parser-safe-url-resolver:2.1.46=precompiledScriptPluginAccessorsGenerationClasspath,runtimeClasspath,testRuntimeClasspath
io.swagger.parser.v3:swagger-parser-v2-converter:2.1.46=precompiledScriptPluginAccessorsGenerationClasspath,runtimeClasspath,testRuntimeClasspath
io.swagger.parser.v3:swagger-parser-v3:2.1.46=precompiledScriptPluginAccessorsGenerationClasspath,runtimeClasspath,testRuntimeClasspath
io.swagger.parser.v3:swagger-parser:2.1.46=precompiledScriptPluginAccessorsGenerationClasspath,runtimeClasspath,testRuntimeClasspath
io.swagger:swagger-annotations:1.6.16=precompiledScriptPluginAccessorsGenerationClasspath,runtimeClasspath,testRuntimeClasspath
io.swagger:swagger-compat-spec-parser:1.0.76=precompiledScriptPluginAccessorsGenerationClasspath,runtimeClasspath,testRuntimeClasspath
io.swagger:swagger-core:1.6.16=precompiledScriptPluginAccessorsGenerationClasspath,runtimeClasspath,testRuntimeClasspath
io.swagger:swagger-models:1.6.16=precompiledScriptPluginAccessorsGenerationClasspath,runtimeClasspath,testRuntimeClasspath
io.swagger:swagger-parser-safe-url-resolver:1.0.76=precompiledScriptPluginAccessorsGenerationClasspath,runtimeClasspath,testRuntimeClasspath
io.swagger:swagger-parser:1.0.76=precompiledScriptPluginAccessorsGenerationClasspath,runtimeClasspath,testRuntimeClasspath
jakarta.activation:jakarta.activation-api:1.2.2=precompiledScriptPluginAccessorsGenerationClasspath,runtimeClasspath,testRuntimeClasspath
jakarta.validation:jakarta.validation-api:2.0.2=precompiledScriptPluginAccessorsGenerationClasspath,runtimeClasspath,testRuntimeClasspath
jakarta.xml.bind:jakarta.xml.bind-api:2.3.3=precompiledScriptPluginAccessorsGenerationClasspath,runtimeClasspath,testRuntimeClasspath
javax.validation:validation-api:1.1.0.Final=precompiledScriptPluginAccessorsGenerationClasspath,runtimeClasspath,testRuntimeClasspath
joda-time:joda-time:2.12.7=precompiledScriptPluginAccessorsGenerationClasspath,runtimeClasspath,testRuntimeClasspath
kr.motd.maven:os-maven-plugin:1.7.1=precompiledScriptPluginAccessorsGenerationClasspath,runtimeClasspath,testRuntimeClasspath
net.bytebuddy:byte-buddy:1.18.3=testCompileClasspath,testImplementationDependenciesMetadata,testRuntimeClasspath
net.java.dev.jna:jna-platform:5.19.1=precompiledScriptPluginAccessorsGenerationClasspath,runtimeClasspath,testRuntimeClasspath
net.java.dev.jna:jna:5.19.1=precompiledScriptPluginAccessorsGenerationClasspath,runtimeClasspath,testRuntimeClasspath
net.sf.jopt-simple:jopt-simple:5.0.4=precompiledScriptPluginAccessorsGenerationClasspath,runtimeClasspath,testRuntimeClasspath
org.antlr:antlr4-runtime:4.7.2=precompiledScriptPluginAccessorsGenerationClasspath,runtimeClasspath,testRuntimeClasspath
org.apache.ant:ant-launcher:1.10.17=compileClasspath,implementationDependenciesMetadata,precompiledScriptPluginAccessorsGenerationClasspath,runtimeClasspath,testCompileClasspath,testImplementationDependenciesMetadata,testRuntimeClasspath
org.apache.ant:ant:1.10.17=compileClasspath,implementationDependenciesMetadata,precompiledScriptPluginAccessorsGenerationClasspath,runtimeClasspath,testCompileClasspath,testImplementationDependenciesMetadata,testRuntimeClasspath
org.apache.commons:commons-compress:1.27.1=precompiledScriptPluginAccessorsGenerationClasspath,runtimeClasspath,testRuntimeClasspath
org.apache.commons:commons-lang3:3.20.0=precompiledScriptPluginAccessorsGenerationClasspath,runtimeClasspath,testRuntimeClasspath
org.apache.commons:commons-text:1.10.0=precompiledScriptPluginAccessorsGenerationClasspath,runtimeClasspath,testRuntimeClasspath
org.apache.httpcomponents.client5:httpclient5:5.6.4=precompiledScriptPluginAccessorsGenerationClasspath,runtimeClasspath,testRuntimeClasspath
org.apache.httpcomponents.core5:httpcore5-h2:5.4.3=precompiledScriptPluginAccessorsGenerationClasspath,runtimeClasspath,testRuntimeClasspath
org.apache.httpcomponents.core5:httpcore5:5.4.3=precompiledScriptPluginAccessorsGenerationClasspath,runtimeClasspath,testRuntimeClasspath
org.apache.httpcomponents:httpclient:4.5.14=precompiledScriptPluginAccessorsGenerationClasspath,runtimeClasspath,testRuntimeClasspath
org.apache.httpcomponents:httpcore:4.4.16=precompiledScriptPluginAccessorsGenerationClasspath,runtimeClasspath,testRuntimeClasspath
org.apache.logging.log4j:log4j-api:2.26.1=precompiledScriptPluginAccessorsGenerationClasspath,runtimeClasspath,testRuntimeClasspath
org.apache.logging.log4j:log4j-core:2.26.1=precompiledScriptPluginAccessorsGenerationClasspath,runtimeClasspath,testRuntimeClasspath
org.apache.maven.resolver:maven-resolver-api:1.9.18=precompiledScriptPluginAccessorsGenerationClasspath,runtimeClasspath,testRuntimeClasspath
org.apache.maven.resolver:maven-resolver-util:1.9.18=precompiledScriptPluginAccessorsGenerationClasspath,runtimeClasspath,testRuntimeClasspath
org.apache.maven:maven-api-annotations:4.0.0-rc-5=precompiledScriptPluginAccessorsGenerationClasspath,runtimeClasspath,testRuntimeClasspath
org.apache.maven:maven-api-xml:4.0.0-rc-5=precompiledScriptPluginAccessorsGenerationClasspath,runtimeClasspath,testRuntimeClasspath
org.apache.maven:maven-xml:4.0.0-rc-5=precompiledScriptPluginAccessorsGenerationClasspath,runtimeClasspath,testRuntimeClasspath
org.apache.sshd:sshd-osgi:2.19.0=precompiledScriptPluginAccessorsGenerationClasspath,runtimeClasspath,testRuntimeClasspath
org.apache.sshd:sshd-sftp:2.19.0=precompiledScriptPluginAccessorsGenerationClasspath,runtimeClasspath,testRuntimeClasspath
org.apiguardian:apiguardian-api:1.1.2=testCompileClasspath,testImplementationDependenciesMetadata
org.assertj:assertj-core:3.27.7=testCompileClasspath,testImplementationDependenciesMetadata,testRuntimeClasspath
org.bouncycastle:bcpg-jdk18on:1.80=kotlinBouncyCastleConfiguration
org.bouncycastle:bcpg-jdk18on:1.85=precompiledScriptPluginAccessorsGenerationClasspath,runtimeClasspath,testRuntimeClasspath
org.bouncycastle:bcpkix-jdk18on:1.80=kotlinBouncyCastleConfiguration
org.bouncycastle:bcpkix-jdk18on:1.85=precompiledScriptPluginAccessorsGenerationClasspath,runtimeClasspath,testRuntimeClasspath
org.bouncycastle:bcprov-jdk18on:1.80.2=kotlinBouncyCastleConfiguration
org.bouncycastle:bcprov-jdk18on:1.86=precompiledScriptPluginAccessorsGenerationClasspath,runtimeClasspath,testRuntimeClasspath
org.bouncycastle:bcutil-jdk18on:1.80.2=kotlinBouncyCastleConfiguration
org.bouncycastle:bcutil-jdk18on:1.85=precompiledScriptPluginAccessorsGenerationClasspath,runtimeClasspath,testRuntimeClasspath
org.checkerframework:checker-qual:3.37.0=precompiledScriptPluginAccessorsGenerationClasspath,runtimeClasspath,testRuntimeClasspath
org.codehaus.plexus:plexus-utils:4.0.3=precompiledScriptPluginAccessorsGenerationClasspath,runtimeClasspath,testRuntimeClasspath
org.codehaus.plexus:plexus-xml:4.1.1=precompiledScriptPluginAccessorsGenerationClasspath,runtimeClasspath,testRuntimeClasspath
org.codehaus.woodstox:stax2-api:4.2.2=precompiledScriptPluginAccessorsGenerationClasspath,runtimeClasspath,testRuntimeClasspath
org.commonmark:commonmark:0.21.0=precompiledScriptPluginAccessorsGenerationClasspath,runtimeClasspath,testRuntimeClasspath
org.eclipse.jgit:org.eclipse.jgit.gpg.bc:7.8.0.202609011348-r=precompiledScriptPluginAccessorsGenerationClasspath,runtimeClasspath,testRuntimeClasspath
org.eclipse.jgit:org.eclipse.jgit.ssh.apache:7.8.0.202609011348-r=precompiledScriptPluginAccessorsGenerationClasspath,runtimeClasspath,testRuntimeClasspath
org.eclipse.jgit:org.eclipse.jgit.ssh.jsch:7.8.0.202609011348-r=precompiledScriptPluginAccessorsGenerationClasspath,runtimeClasspath,testRuntimeClasspath
org.eclipse.jgit:org.eclipse.jgit.ui:7.8.0.202609011348-r=precompiledScriptPluginAccessorsGenerationClasspath,runtimeClasspath,testRuntimeClasspath
org.eclipse.jgit:org.eclipse.jgit:7.8.0.202609011348-r=compileClasspath,implementationDependenciesMetadata,precompiledScriptPluginAccessorsGenerationClasspath,runtimeClasspath,testCompileClasspath,testImplementationDependenciesMetadata,testRuntimeClasspath
org.eclipse.platform:org.eclipse.osgi:3.24.300=precompiledScriptPluginAccessorsGenerationClasspath,runtimeClasspath,testRuntimeClasspath
org.jdom:jdom2:2.0.6.1=precompiledScriptPluginAccessorsGenerationClasspath,runtimeClasspath,testRuntimeClasspath
org.jetbrains.kotlin:abi-tools-api:2.2.21=kotlinInternalAbiValidation
org.jetbrains.kotlin:abi-tools:2.2.21=kotlinInternalAbiValidation
org.jetbrains.kotlin:kotlin-assignment-compiler-plugin-embeddable:2.2.21=kotlinCompilerPluginClasspathMain,kotlinCompilerPluginClasspathTest
org.jetbrains.kotlin:kotlin-build-tools-api:2.2.21=kotlinBuildToolsApiClasspath
org.jetbrains.kotlin:kotlin-build-tools-impl:2.2.21=kotlinBuildToolsApiClasspath
org.jetbrains.kotlin:kotlin-compiler-embeddable:2.2.21=kotlinBuildToolsApiClasspath,kotlinCompilerClasspath,kotlinInternalAbiValidation,kotlinKlibCommonizerClasspath
org.jetbrains.kotlin:kotlin-compiler-runner:2.2.21=kotlinBuildToolsApiClasspath
org.jetbrains.kotlin:kotlin-daemon-client:2.2.21=kotlinBuildToolsApiClasspath
org.jetbrains.kotlin:kotlin-daemon-embeddable:2.2.21=kotlinBuildToolsApiClasspath,kotlinCompilerClasspath,kotlinInternalAbiValidation,kotlinKlibCommonizerClasspath
org.jetbrains.kotlin:kotlin-klib-commonizer-embeddable:2.2.21=kotlinKlibCommonizerClasspath
org.jetbrains.kotlin:kotlin-metadata-jvm:2.2.21=kotlinInternalAbiValidation
org.jetbrains.kotlin:kotlin-metadata-jvm:2.4.10=precompiledScriptPluginAccessorsGenerationClasspath,runtimeClasspath,testRuntimeClasspath
org.jetbrains.kotlin:kotlin-reflect:1.6.10=kotlinBuildToolsApiClasspath,kotlinCompilerClasspath,kotlinInternalAbiValidation,kotlinKlibCommonizerClasspath
org.jetbrains.kotlin:kotlin-reflect:2.2.21=compileClasspath,compileOnlyDependenciesMetadata,embeddedKotlin,precompiledScriptPluginAccessorsGenerationClasspath,testCompileClasspath,testImplementationDependenciesMetadata,testRuntimeClasspath
org.jetbrains.kotlin:kotlin-sam-with-receiver-compiler-plugin-embeddable:2.2.21=kotlinCompilerPluginClasspathMain,kotlinCompilerPluginClasspathTest
org.jetbrains.kotlin:kotlin-script-runtime:2.2.21=compilePluginsBlocksPluginClasspathElements,kotlinBuildToolsApiClasspath,kotlinCompilerClasspath,kotlinCompilerPluginClasspathMain,kotlinCompilerPluginClasspathTest,kotlinInternalAbiValidation,kotlinKlibCommonizerClasspath
org.jetbrains.kotlin:kotlin-scripting-common:2.2.21=compilePluginsBlocksPluginClasspathElements,kotlinBuildToolsApiClasspath,kotlinCompilerPluginClasspathMain,kotlinCompilerPluginClasspathTest
org.jetbrains.kotlin:kotlin-scripting-compiler-embeddable:2.2.21=compilePluginsBlocksPluginClasspathElements,kotlinBuildToolsApiClasspath,kotlinCompilerPluginClasspathMain,kotlinCompilerPluginClasspathTest
org.jetbrains.kotlin:kotlin-scripting-compiler-impl-embeddable:2.2.21=compilePluginsBlocksPluginClasspathElements,kotlinBuildToolsApiClasspath,kotlinCompilerPluginClasspathMain,kotlinCompilerPluginClasspathTest
org.jetbrains.kotlin:kotlin-scripting-jvm:2.2.21=compilePluginsBlocksPluginClasspathElements,kotlinBuildToolsApiClasspath,kotlinCompilerPluginClasspathMain,kotlinCompilerPluginClasspathTest
org.jetbrains.kotlin:kotlin-stdlib-common:2.4.10=precompiledScriptPluginAccessorsGenerationClasspath,runtimeClasspath,testRuntimeClasspath
org.jetbrains.kotlin:kotlin-stdlib-jdk7:1.9.10=precompiledScriptPluginAccessorsGenerationClasspath,runtimeClasspath,testRuntimeClasspath
org.jetbrains.kotlin:kotlin-stdlib-jdk8:1.9.10=precompiledScriptPluginAccessorsGenerationClasspath,runtimeClasspath,testRuntimeClasspath
org.jetbrains.kotlin:kotlin-stdlib:2.2.21=compileClasspath,compileOnlyDependenciesMetadata,compilePluginsBlocksPluginClasspathElements,embeddedKotlin,kotlinBuildToolsApiClasspath,kotlinCompilerClasspath,kotlinCompilerPluginClasspathMain,kotlinCompilerPluginClasspathTest,kotlinInternalAbiValidation,kotlinKlibCommonizerClasspath,testCompileClasspath,testImplementationDependenciesMetadata
org.jetbrains.kotlin:kotlin-stdlib:2.4.10=precompiledScriptPluginAccessorsGenerationClasspath,runtimeClasspath,testRuntimeClasspath
org.jetbrains.kotlinx:kotlinx-coroutines-core-jvm:1.8.0=kotlinBuildToolsApiClasspath,kotlinCompilerClasspath,kotlinInternalAbiValidation,kotlinKlibCommonizerClasspath
org.jetbrains:annotations:13.0=compileClasspath,compilePluginsBlocksPluginClasspathElements,embeddedKotlin,kotlinBuildToolsApiClasspath,kotlinCompilerClasspath,kotlinCompilerPluginClasspathMain,kotlinCompilerPluginClasspathTest,kotlinInternalAbiValidation,kotlinKlibCommonizerClasspath,precompiledScriptPluginAccessorsGenerationClasspath,runtimeClasspath,testCompileClasspath,testRuntimeClasspath
org.jspecify:jspecify:1.0.0=precompiledScriptPluginAccessorsGenerationClasspath,runtimeClasspath,testCompileClasspath,testImplementationDependenciesMetadata,testRuntimeClasspath
org.junit.jupiter:junit-jupiter-api:6.1.3=testCompileClasspath,testImplementationDependenciesMetadata,testRuntimeClasspath
org.junit.jupiter:junit-jupiter-engine:6.1.3=testRuntimeClasspath
org.junit.jupiter:junit-jupiter-params:6.1.3=testCompileClasspath,testImplementationDependenciesMetadata,testRuntimeClasspath
org.junit.jupiter:junit-jupiter:6.1.3=testCompileClasspath,testImplementationDependenciesMetadata,testRuntimeClasspath
org.junit.platform:junit-platform-commons:6.1.3=testCompileClasspath,testImplementationDependenciesMetadata,testRuntimeClasspath
org.junit.platform:junit-platform-engine:6.1.3=testRuntimeClasspath
org.junit.platform:junit-platform-launcher:6.1.3=testRuntimeClasspath
org.junit:junit-bom:6.1.3=testCompileClasspath,testImplementationDependenciesMetadata,testRuntimeClasspath
org.mozilla:rhino:1.7.15.1=precompiledScriptPluginAccessorsGenerationClasspath,runtimeClasspath,testRuntimeClasspath
org.openapi.generator:org.openapi.generator.gradle.plugin:7.25.0=compileClasspath,implementationDependenciesMetadata,precompiledScriptPluginAccessorsGenerationClasspath,runtimeClasspath,testCompileClasspath,testImplementationDependenciesMetadata,testRuntimeClasspath
org.openapitools:openapi-generator-core:7.25.0=precompiledScriptPluginAccessorsGenerationClasspath,runtimeClasspath,testRuntimeClasspath
org.openapitools:openapi-generator-gradle-plugin:7.25.0=compileClasspath,implementationDependenciesMetadata,precompiledScriptPluginAccessorsGenerationClasspath,runtimeClasspath,testCompileClasspath,testImplementationDependenciesMetadata,testRuntimeClasspath
org.openapitools:openapi-generator:7.25.0=precompiledScriptPluginAccessorsGenerationClasspath,runtimeClasspath,testRuntimeClasspath
org.opentest4j:opentest4j:1.3.0=testCompileClasspath,testImplementationDependenciesMetadata,testRuntimeClasspath
org.projectlombok:lombok:1.18.38=precompiledScriptPluginAccessorsGenerationClasspath,runtimeClasspath,testRuntimeClasspath
org.slf4j:jcl-over-slf4j:1.7.36=precompiledScriptPluginAccessorsGenerationClasspath,runtimeClasspath,testRuntimeClasspath
org.slf4j:slf4j-api:2.0.18=compileClasspath,implementationDependenciesMetadata,precompiledScriptPluginAccessorsGenerationClasspath,runtimeClasspath,testCompileClasspath,testImplementationDependenciesMetadata,testRuntimeClasspath
org.slf4j:slf4j-ext:1.7.36=precompiledScriptPluginAccessorsGenerationClasspath,runtimeClasspath,testRuntimeClasspath
org.slf4j:slf4j-simple:1.7.36=precompiledScriptPluginAccessorsGenerationClasspath,runtimeClasspath,testRuntimeClasspath
org.sonarqube:org.sonarqube.gradle.plugin:7.5.0.8588=compileClasspath,implementationDependenciesMetadata,precompiledScriptPluginAccessorsGenerationClasspath,runtimeClasspath,testCompileClasspath,testImplementationDependenciesMetadata,testRuntimeClasspath
org.sonarsource.scanner.gradle:sonarqube-gradle-plugin:7.5.0.8588=compileClasspath,implementationDependenciesMetadata,precompiledScriptPluginAccessorsGenerationClasspath,runtimeClasspath,testCompileClasspath,testImplementationDependenciesMetadata,testRuntimeClasspath
org.sonarsource.scanner.lib:sonar-scanner-java-library-shaded:4.2.1.1698=precompiledScriptPluginAccessorsGenerationClasspath,runtimeClasspath,testRuntimeClasspath
org.springframework.boot:org.springframework.boot.gradle.plugin:4.1.1=compileClasspath,implementationDependenciesMetadata,precompiledScriptPluginAccessorsGenerationClasspath,runtimeClasspath,testCompileClasspath,testImplementationDependenciesMetadata,testRuntimeClasspath
org.springframework.boot:spring-boot-buildpack-platform:4.1.1=precompiledScriptPluginAccessorsGenerationClasspath,runtimeClasspath,testRuntimeClasspath
org.springframework.boot:spring-boot-gradle-plugin:4.1.1=compileClasspath,implementationDependenciesMetadata,precompiledScriptPluginAccessorsGenerationClasspath,runtimeClasspath,testCompileClasspath,testImplementationDependenciesMetadata,testRuntimeClasspath
org.springframework.boot:spring-boot-loader-tools:4.1.1=precompiledScriptPluginAccessorsGenerationClasspath,runtimeClasspath,testRuntimeClasspath
org.springframework:spring-core:7.0.9=precompiledScriptPluginAccessorsGenerationClasspath,runtimeClasspath,testRuntimeClasspath
org.threeten:threetenbp:1.7.0=precompiledScriptPluginAccessorsGenerationClasspath,runtimeClasspath,testRuntimeClasspath
org.tomlj:tomlj:1.0.0=precompiledScriptPluginAccessorsGenerationClasspath,runtimeClasspath,testRuntimeClasspath
org.tukaani:xz:1.9=precompiledScriptPluginAccessorsGenerationClasspath,runtimeClasspath,testRuntimeClasspath
org.vafer:jdependency:2.16=precompiledScriptPluginAccessorsGenerationClasspath,runtimeClasspath,testRuntimeClasspath
org.yaml:snakeyaml:2.6=precompiledScriptPluginAccessorsGenerationClasspath,runtimeClasspath,testRuntimeClasspath
pl.allegro.tech.build.axion-release:pl.allegro.tech.build.axion-release.gradle.plugin:1.21.4=compileClasspath,implementationDependenciesMetadata,precompiledScriptPluginAccessorsGenerationClasspath,runtimeClasspath,testCompileClasspath,testImplementationDependenciesMetadata,testRuntimeClasspath
pl.allegro.tech.build:axion-release-plugin:1.21.4=compileClasspath,implementationDependenciesMetadata,precompiledScriptPluginAccessorsGenerationClasspath,runtimeClasspath,testCompileClasspath,testImplementationDependenciesMetadata,testRuntimeClasspath
tools.jackson.core:jackson-core:3.1.5=precompiledScriptPluginAccessorsGenerationClasspath,runtimeClasspath,testRuntimeClasspath
tools.jackson.core:jackson-databind:3.1.5=precompiledScriptPluginAccessorsGenerationClasspath,runtimeClasspath,testRuntimeClasspath
tools.jackson:jackson-bom:3.1.5=precompiledScriptPluginAccessorsGenerationClasspath,runtimeClasspath,testRuntimeClasspath
empty=annotationProcessor,apiDependenciesMetadata,intransitiveDependenciesMetadata,kotlinCompilerPluginClasspath,kotlinNativeCompilerPluginClasspath,kotlinScriptDefExtensions,swiftExportClasspathResolvable,testAnnotationProcessor,testApiDependenciesMetadata,testCompileOnlyDependenciesMetadata,testIntransitiveDependenciesMetadata,testKotlinScriptDefExtensions
